// !$*UTF8*$!
{
	archiveVersion = 1;
	classes = {
	};
	objectVersion = 60;
	objects = {

/* Begin PBXBuildFile section */
		FA09306D2A3B55F300DF626E /* ApiManager.swift in Sources */ = {isa = PBXBuildFile; fileRef = FA09306C2A3B55F300DF626E /* ApiManager.swift */; };
		FA0B64162A30E76B0050F13D /* KeychainManager.swift in Sources */ = {isa = PBXBuildFile; fileRef = FA0B64152A30E76B0050F13D /* KeychainManager.swift */; };
		FA3962A62A44303200A215C1 /* HeaderCell.swift in Sources */ = {isa = PBXBuildFile; fileRef = FA3962A52A44303200A215C1 /* HeaderCell.swift */; };
		FA6292AE2A32431D00B11064 /* ResponseAccessToken.swift in Sources */ = {isa = PBXBuildFile; fileRef = FA6292AD2A32431D00B11064 /* ResponseAccessToken.swift */; };
		FA6C6FF32E06D57900EDAA1E /* SnapKit in Frameworks */ = {isa = PBXBuildFile; productRef = FA6C6FF22E06D57900EDAA1E /* SnapKit */; };
		FA7672AA2A0CCFF80039B351 /* AppDelegate.swift in Sources */ = {isa = PBXBuildFile; fileRef = FA7672A92A0CCFF80039B351 /* AppDelegate.swift */; };
		FA7672AC2A0CCFF80039B351 /* SceneDelegate.swift in Sources */ = {isa = PBXBuildFile; fileRef = FA7672AB2A0CCFF80039B351 /* SceneDelegate.swift */; };
		FA7672AE2A0CCFF80039B351 /* IntroViewController.swift in Sources */ = {isa = PBXBuildFile; fileRef = FA7672AD2A0CCFF80039B351 /* IntroViewController.swift */; };
		FA7672B32A0CCFF90039B351 /* Assets.xcassets in Resources */ = {isa = PBXBuildFile; fileRef = FA7672B22A0CCFF90039B351 /* Assets.xcassets */; };
		FA7672B62A0CCFF90039B351 /* LaunchScreen.storyboard in Resources */ = {isa = PBXBuildFile; fileRef = FA7672B42A0CCFF90039B351 /* LaunchScreen.storyboard */; };
		FA8143682A461D5D00B8B956 /* ExploreViewController.swift in Sources */ = {isa = PBXBuildFile; fileRef = FA8143672A461D5D00B8B956 /* ExploreViewController.swift */; };
		FA8F072A2DFF1AD10024E266 /* LocksmithError.swift in Sources */ = {isa = PBXBuildFile; fileRef = FA8F07252DFF1AD10024E266 /* LocksmithError.swift */; };
		FA8F072B2DFF1AD10024E266 /* Locksmith.swift in Sources */ = {isa = PBXBuildFile; fileRef = FA8F07232DFF1AD10024E266 /* Locksmith.swift */; };
		FA8F072C2DFF1AD10024E266 /* LocksmithAccessibleOption.swift in Sources */ = {isa = PBXBuildFile; fileRef = FA8F07242DFF1AD10024E266 /* LocksmithAccessibleOption.swift */; };
		FA8F072D2DFF1AD10024E266 /* Dictionary_Initializers.swift in Sources */ = {isa = PBXBuildFile; fileRef = FA8F07202DFF1AD10024E266 /* Dictionary_Initializers.swift */; };
		FA8F072E2DFF1AD10024E266 /* LocksmithInternetAuthenticationType.swift in Sources */ = {isa = PBXBuildFile; fileRef = FA8F07262DFF1AD10024E266 /* LocksmithInternetAuthenticationType.swift */; };
		FA8F072F2DFF1AD10024E266 /* LocksmithSecurityClass.swift in Sources */ = {isa = PBXBuildFile; fileRef = FA8F07282DFF1AD10024E266 /* LocksmithSecurityClass.swift */; };
		FA8F07302DFF1AD10024E266 /* LocksmithInternetProtocol.swift in Sources */ = {isa = PBXBuildFile; fileRef = FA8F07272DFF1AD10024E266 /* LocksmithInternetProtocol.swift */; };
		FA9BBF3D2A39D0D300F20A09 /* IntroView.swift in Sources */ = {isa = PBXBuildFile; fileRef = FA9BBF3C2A39D0D300F20A09 /* IntroView.swift */; };
		FAAE47692A5319D400EC9316 /* ExploreCollectionViewCell.swift in Sources */ = {isa = PBXBuildFile; fileRef = FAAE47682A5319D400EC9316 /* ExploreCollectionViewCell.swift */; };
		FAC4E4902A54C5F300694AC9 /* GetResponseCollection.swift in Sources */ = {isa = PBXBuildFile; fileRef = FAC4E48F2A54C5F300694AC9 /* GetResponseCollection.swift */; };
		FAC575692A114065001F265F /* Inter.ttf in Resources */ = {isa = PBXBuildFile; fileRef = FAC575682A114065001F265F /* Inter.ttf */; };
		FACB5F1C2A48AE0700F73388 /* ResponseGetRandomPhoto.swift in Sources */ = {isa = PBXBuildFile; fileRef = FACB5F1B2A48AE0700F73388 /* ResponseGetRandomPhoto.swift */; };
		FACF6ACC2AD0BD910008B0CC /* Photocell.swift in Sources */ = {isa = PBXBuildFile; fileRef = FACF6ACB2AD0BD910008B0CC /* Photocell.swift */; };
		FAD6A8F12A1A05760098F80A /* Request.swift in Sources */ = {isa = PBXBuildFile; fileRef = FAD6A8F02A1A05760098F80A /* Request.swift */; };
		FAF4ABD92E0DE7D800D5EE24 /* ListItems.swift in Sources */ = {isa = PBXBuildFile; fileRef = FAF4ABD82E0DE7C800D5EE24 /* ListItems.swift */; };
		FAF4ABDF2E1401AA00D5EE24 /* ListSection.swift in Sources */ = {isa = PBXBuildFile; fileRef = FAF4ABDE2E1401A400D5EE24 /* ListSection.swift */; };
		FAF4ABE12E14061500D5EE24 /* MockData.swift in Sources */ = {isa = PBXBuildFile; fileRef = FAF4ABE02E14061000D5EE24 /* MockData.swift */; };
		FAF4ABE32E18101A00D5EE24 /* SectionHeaderCell.swift in Sources */ = {isa = PBXBuildFile; fileRef = FAF4ABE22E18101300D5EE24 /* SectionHeaderCell.swift */; };
/* End PBXBuildFile section */

/* Begin PBXCopyFilesBuildPhase section */
		FA34C75E2E06D96E00089989 /* Embed Frameworks */ = {
			isa = PBXCopyFilesBuildPhase;
			buildActionMask = 2147483647;
			dstPath = "";
			dstSubfolderSpec = 10;
			files = (
			);
			name = "Embed Frameworks";
			runOnlyForDeploymentPostprocessing = 0;
		};
/* End PBXCopyFilesBuildPhase section */

/* Begin PBXFileReference section */
		0FE88279963ADF9656A5C036 /* Pods-unsplashApp.release.xcconfig */ = {isa = PBXFileReference; includeInIndex = 1; lastKnownFileType = text.xcconfig; name = "Pods-unsplashApp.release.xcconfig"; path = "Target Support Files/Pods-unsplashApp/Pods-unsplashApp.release.xcconfig"; sourceTree = "<group>"; };
		92BA29945DFB91087FC12C9F /* Pods_unsplashApp.framework */ = {isa = PBXFileReference; explicitFileType = wrapper.framework; includeInIndex = 0; path = Pods_unsplashApp.framework; sourceTree = BUILT_PRODUCTS_DIR; };
		C7D13E0502347E555B2E77FE /* Pods-unsplashApp.debug.xcconfig */ = {isa = PBXFileReference; includeInIndex = 1; lastKnownFileType = text.xcconfig; name = "Pods-unsplashApp.debug.xcconfig"; path = "Target Support Files/Pods-unsplashApp/Pods-unsplashApp.debug.xcconfig"; sourceTree = "<group>"; };
		FA09306C2A3B55F300DF626E /* ApiManager.swift */ = {isa = PBXFileReference; lastKnownFileType = sourcecode.swift; path = ApiManager.swift; sourceTree = "<group>"; };
		FA0B64152A30E76B0050F13D /* KeychainManager.swift */ = {isa = PBXFileReference; lastKnownFileType = sourcecode.swift; path = KeychainManager.swift; sourceTree = "<group>"; };
		FA3962A52A44303200A215C1 /* HeaderCell.swift */ = {isa = PBXFileReference; lastKnownFileType = sourcecode.swift; path = HeaderCell.swift; sourceTree = "<group>"; };
		FA6292AD2A32431D00B11064 /* ResponseAccessToken.swift */ = {isa = PBXFileReference; lastKnownFileType = sourcecode.swift; path = ResponseAccessToken.swift; sourceTree = "<group>"; };
		FA7672A62A0CCFF80039B351 /* unsplashApp.app */ = {isa = PBXFileReference; explicitFileType = wrapper.application; includeInIndex = 0; path = unsplashApp.app; sourceTree = BUILT_PRODUCTS_DIR; };
		FA7672A92A0CCFF80039B351 /* AppDelegate.swift */ = {isa = PBXFileReference; lastKnownFileType = sourcecode.swift; path = AppDelegate.swift; sourceTree = "<group>"; };
		FA7672AB2A0CCFF80039B351 /* SceneDelegate.swift */ = {isa = PBXFileReference; lastKnownFileType = sourcecode.swift; path = SceneDelegate.swift; sourceTree = "<group>"; };
		FA7672AD2A0CCFF80039B351 /* IntroViewController.swift */ = {isa = PBXFileReference; lastKnownFileType = sourcecode.swift; path = IntroViewController.swift; sourceTree = "<group>"; };
		FA7672B22A0CCFF90039B351 /* Assets.xcassets */ = {isa = PBXFileReference; lastKnownFileType = folder.assetcatalog; path = Assets.xcassets; sourceTree = "<group>"; };
		FA7672B52A0CCFF90039B351 /* Base */ = {isa = PBXFileReference; lastKnownFileType = file.storyboard; name = Base; path = Base.lproj/LaunchScreen.storyboard; sourceTree = "<group>"; };
		FA7672B72A0CCFF90039B351 /* Info.plist */ = {isa = PBXFileReference; lastKnownFileType = text.plist.xml; path = Info.plist; sourceTree = "<group>"; };
		FA8143672A461D5D00B8B956 /* ExploreViewController.swift */ = {isa = PBXFileReference; lastKnownFileType = sourcecode.swift; path = ExploreViewController.swift; sourceTree = "<group>"; };
		FA8F07202DFF1AD10024E266 /* Dictionary_Initializers.swift */ = {isa = PBXFileReference; lastKnownFileType = sourcecode.swift; path = Dictionary_Initializers.swift; sourceTree = "<group>"; };
		FA8F07212DFF1AD10024E266 /* Info.plist */ = {isa = PBXFileReference; lastKnownFileType = text.plist.xml; path = Info.plist; sourceTree = "<group>"; };
		FA8F07222DFF1AD10024E266 /* Locksmith.h */ = {isa = PBXFileReference; lastKnownFileType = sourcecode.c.h; path = Locksmith.h; sourceTree = "<group>"; };
		FA8F07232DFF1AD10024E266 /* Locksmith.swift */ = {isa = PBXFileReference; lastKnownFileType = sourcecode.swift; path = Locksmith.swift; sourceTree = "<group>"; };
		FA8F07242DFF1AD10024E266 /* LocksmithAccessibleOption.swift */ = {isa = PBXFileReference; lastKnownFileType = sourcecode.swift; path = LocksmithAccessibleOption.swift; sourceTree = "<group>"; };
		FA8F07252DFF1AD10024E266 /* LocksmithError.swift */ = {isa = PBXFileReference; lastKnownFileType = sourcecode.swift; path = LocksmithError.swift; sourceTree = "<group>"; };
		FA8F07262DFF1AD10024E266 /* LocksmithInternetAuthenticationType.swift */ = {isa = PBXFileReference; lastKnownFileType = sourcecode.swift; path = LocksmithInternetAuthenticationType.swift; sourceTree = "<group>"; };
		FA8F07272DFF1AD10024E266 /* LocksmithInternetProtocol.swift */ = {isa = PBXFileReference; lastKnownFileType = sourcecode.swift; path = LocksmithInternetProtocol.swift; sourceTree = "<group>"; };
		FA8F07282DFF1AD10024E266 /* LocksmithSecurityClass.swift */ = {isa = PBXFileReference; lastKnownFileType = sourcecode.swift; path = LocksmithSecurityClass.swift; sourceTree = "<group>"; };
		FA9BBF3C2A39D0D300F20A09 /* IntroView.swift */ = {isa = PBXFileReference; lastKnownFileType = sourcecode.swift; path = IntroView.swift; sourceTree = "<group>"; };
		FAAE47682A5319D400EC9316 /* ExploreCollectionViewCell.swift */ = {isa = PBXFileReference; lastKnownFileType = sourcecode.swift; path = ExploreCollectionViewCell.swift; sourceTree = "<group>"; };
		FAC4E48F2A54C5F300694AC9 /* GetResponseCollection.swift */ = {isa = PBXFileReference; lastKnownFileType = sourcecode.swift; path = GetResponseCollection.swift; sourceTree = "<group>"; };
		FAC575682A114065001F265F /* Inter.ttf */ = {isa = PBXFileReference; lastKnownFileType = file; path = Inter.ttf; sourceTree = "<group>"; };
		FACB5F1B2A48AE0700F73388 /* ResponseGetRandomPhoto.swift */ = {isa = PBXFileReference; lastKnownFileType = sourcecode.swift; path = ResponseGetRandomPhoto.swift; sourceTree = "<group>"; };
		FACF6ACB2AD0BD910008B0CC /* Photocell.swift */ = {isa = PBXFileReference; lastKnownFileType = sourcecode.swift; path = Photocell.swift; sourceTree = "<group>"; };
		FAD6A8F02A1A05760098F80A /* Request.swift */ = {isa = PBXFileReference; lastKnownFileType = sourcecode.swift; path = Request.swift; sourceTree = "<group>"; };
		FAF4ABD82E0DE7C800D5EE24 /* ListItems.swift */ = {isa = PBXFileReference; lastKnownFileType = sourcecode.swift; path = ListItems.swift; sourceTree = "<group>"; };
		FAF4ABDE2E1401A400D5EE24 /* ListSection.swift */ = {isa = PBXFileReference; lastKnownFileType = sourcecode.swift; path = ListSection.swift; sourceTree = "<group>"; };
		FAF4ABE02E14061000D5EE24 /* MockData.swift */ = {isa = PBXFileReference; lastKnownFileType = sourcecode.swift; path = MockData.swift; sourceTree = "<group>"; };
		FAF4ABE22E18101300D5EE24 /* SectionHeaderCell.swift */ = {isa = PBXFileReference; lastKnownFileType = sourcecode.swift; path = SectionHeaderCell.swift; sourceTree = "<group>"; };
/* End PBXFileReference section */

/* Begin PBXFrameworksBuildPhase section */
		FA7672A32A0CCFF80039B351 /* Frameworks */ = {
			isa = PBXFrameworksBuildPhase;
			buildActionMask = 2147483647;
			files = (
				FA6C6FF32E06D57900EDAA1E /* SnapKit in Frameworks */,
			);
			runOnlyForDeploymentPostprocessing = 0;
		};
/* End PBXFrameworksBuildPhase section */

/* Begin PBXGroup section */
		AC47BA03DCA5DD6BC05279B9 /* Frameworks */ = {
			isa = PBXGroup;
			children = (
				FA8F07292DFF1AD10024E266 /* Source */,
				92BA29945DFB91087FC12C9F /* Pods_unsplashApp.framework */,
			);
			name = Frameworks;
			sourceTree = "<group>";
		};
		CD7FDC34AC694CFC933B44C6 /* Pods */ = {
			isa = PBXGroup;
			children = (
				C7D13E0502347E555B2E77FE /* Pods-unsplashApp.debug.xcconfig */,
				0FE88279963ADF9656A5C036 /* Pods-unsplashApp.release.xcconfig */,
			);
			path = Pods;
			sourceTree = "<group>";
		};
		FA76729D2A0CCFF80039B351 = {
			isa = PBXGroup;
			children = (
				FA7672A82A0CCFF80039B351 /* unsplashApp */,
				FA7672A72A0CCFF80039B351 /* Products */,
				CD7FDC34AC694CFC933B44C6 /* Pods */,
				AC47BA03DCA5DD6BC05279B9 /* Frameworks */,
			);
			sourceTree = "<group>";
		};
		FA7672A72A0CCFF80039B351 /* Products */ = {
			isa = PBXGroup;
			children = (
				FA7672A62A0CCFF80039B351 /* unsplashApp.app */,
			);
			name = Products;
			sourceTree = "<group>";
		};
		FA7672A82A0CCFF80039B351 /* unsplashApp */ = {
			isa = PBXGroup;
			children = (
				FAF4ABDB2E0DEC7400D5EE24 /* Additional files */,
				FA943B962A41D15A008EDB5B /* Views */,
				FAD6A8ED2A1A03B20098F80A /* Services */,
				FAC575672A114026001F265F /* Fonts */,
				FA7672C02A0CD2530039B351 /* Resources */,
				FA7672BF2A0CD2350039B351 /* Supporting Files */,
				FA7672BE2A0CD20A0039B351 /* Flows */,
				FA7672BD2A0CD1DA0039B351 /* Storyboards */,
			);
			path = unsplashApp;
			sourceTree = "<group>";
		};
		FA7672BD2A0CD1DA0039B351 /* Storyboards */ = {
			isa = PBXGroup;
			children = (
				FA7672B42A0CCFF90039B351 /* LaunchScreen.storyboard */,
			);
			path = Storyboards;
			sourceTree = "<group>";
		};
		FA7672BE2A0CD20A0039B351 /* Flows */ = {
			isa = PBXGroup;
			children = (
				FA7672AD2A0CCFF80039B351 /* IntroViewController.swift */,
				FA8143672A461D5D00B8B956 /* ExploreViewController.swift */,
			);
			path = Flows;
			sourceTree = "<group>";
		};
		FA7672BF2A0CD2350039B351 /* Supporting Files */ = {
			isa = PBXGroup;
			children = (
				FA7672B72A0CCFF90039B351 /* Info.plist */,
				FA7672AB2A0CCFF80039B351 /* SceneDelegate.swift */,
				FA7672A92A0CCFF80039B351 /* AppDelegate.swift */,
			);
			path = "Supporting Files";
			sourceTree = "<group>";
		};
		FA7672C02A0CD2530039B351 /* Resources */ = {
			isa = PBXGroup;
			children = (
				FA7672B22A0CCFF90039B351 /* Assets.xcassets */,
			);
			path = Resources;
			sourceTree = "<group>";
		};
		FA8F07292DFF1AD10024E266 /* Source */ = {
			isa = PBXGroup;
			children = (
				FA8F07202DFF1AD10024E266 /* Dictionary_Initializers.swift */,
				FA8F07212DFF1AD10024E266 /* Info.plist */,
				FA8F07222DFF1AD10024E266 /* Locksmith.h */,
				FA8F07232DFF1AD10024E266 /* Locksmith.swift */,
				FA8F07242DFF1AD10024E266 /* LocksmithAccessibleOption.swift */,
				FA8F07252DFF1AD10024E266 /* LocksmithError.swift */,
				FA8F07262DFF1AD10024E266 /* LocksmithInternetAuthenticationType.swift */,
				FA8F07272DFF1AD10024E266 /* LocksmithInternetProtocol.swift */,
				FA8F07282DFF1AD10024E266 /* LocksmithSecurityClass.swift */,
			);
			path = Source;
			sourceTree = "<group>";
		};
		FA943B962A41D15A008EDB5B /* Views */ = {
			isa = PBXGroup;
			children = (
				FA9BBF3C2A39D0D300F20A09 /* IntroView.swift */,
				FA3962A52A44303200A215C1 /* HeaderCell.swift */,
				FAF4ABE22E18101300D5EE24 /* SectionHeaderCell.swift */,
				FAAE47682A5319D400EC9316 /* ExploreCollectionViewCell.swift */,
				FACF6ACB2AD0BD910008B0CC /* Photocell.swift */,
			);
			path = Views;
			sourceTree = "<group>";
		};
		FAC575672A114026001F265F /* Fonts */ = {
			isa = PBXGroup;
			children = (
				FAC575682A114065001F265F /* Inter.ttf */,
			);
			path = Fonts;
			sourceTree = "<group>";
		};
		FAD6A8ED2A1A03B20098F80A /* Services */ = {
			isa = PBXGroup;
			children = (
				FAD6A8F02A1A05760098F80A /* Request.swift */,
				FA0B64152A30E76B0050F13D /* KeychainManager.swift */,
				FA6292AD2A32431D00B11064 /* ResponseAccessToken.swift */,
				FA09306C2A3B55F300DF626E /* ApiManager.swift */,
				FACB5F1B2A48AE0700F73388 /* ResponseGetRandomPhoto.swift */,
				FAC4E48F2A54C5F300694AC9 /* GetResponseCollection.swift */,
			);
			path = Services;
			sourceTree = "<group>";
		};
		FAF4ABDB2E0DEC7400D5EE24 /* Additional files */ = {
			isa = PBXGroup;
			children = (
				FAF4ABE02E14061000D5EE24 /* MockData.swift */,
				FAF4ABD82E0DE7C800D5EE24 /* ListItems.swift */,
				FAF4ABDE2E1401A400D5EE24 /* ListSection.swift */,
			);
			path = "Additional files";
			sourceTree = "<group>";
		};
/* End PBXGroup section */

/* Begin PBXNativeTarget section */
		FA7672A52A0CCFF80039B351 /* unsplashApp */ = {
			isa = PBXNativeTarget;
			buildConfigurationList = FA7672BA2A0CCFF90039B351 /* Build configuration list for PBXNativeTarget "unsplashApp" */;
			buildPhases = (
				2D8A805C8D86D8B8473045A8 /* [CP] Check Pods Manifest.lock */,
				FA7672A22A0CCFF80039B351 /* Sources */,
				FA7672A32A0CCFF80039B351 /* Frameworks */,
				FA7672A42A0CCFF80039B351 /* Resources */,
				D448E392AE771F99CF3DDEFE /* [CP] Embed Pods Frameworks */,
				FA34C75E2E06D96E00089989 /* Embed Frameworks */,
			);
			buildRules = (
			);
			dependencies = (
			);
			name = unsplashApp;
			packageProductDependencies = (
				FA6C6FF22E06D57900EDAA1E /* SnapKit */,
			);
			productName = unsplashApp;
			productReference = FA7672A62A0CCFF80039B351 /* unsplashApp.app */;
			productType = "com.apple.product-type.application";
		};
/* End PBXNativeTarget section */

/* Begin PBXProject section */
		FA76729E2A0CCFF80039B351 /* Project object */ = {
			isa = PBXProject;
			attributes = {
				BuildIndependentTargetsInParallel = 1;
				LastSwiftUpdateCheck = 1430;
				LastUpgradeCheck = 1430;
				TargetAttributes = {
					FA7672A52A0CCFF80039B351 = {
						CreatedOnToolsVersion = 14.3;
					};
				};
			};
			buildConfigurationList = FA7672A12A0CCFF80039B351 /* Build configuration list for PBXProject "unsplashApp" */;
			compatibilityVersion = "Xcode 14.0";
			developmentRegion = en;
			hasScannedForEncodings = 0;
			knownRegions = (
				en,
				Base,
			);
			mainGroup = FA76729D2A0CCFF80039B351;
			packageReferences = (
				FAE04A262DFF16AC00E0F7E8 /* XCLocalSwiftPackageReference "../Kingfisher" */,
				FA082D9A2DFF178A00388836 /* XCLocalSwiftPackageReference "../Auth0.swift" */,
				FA6C6FF12E06D57900EDAA1E /* XCRemoteSwiftPackageReference "SnapKit" */,
			);
			productRefGroup = FA7672A72A0CCFF80039B351 /* Products */;
			projectDirPath = "";
			projectRoot = "";
			targets = (
				FA7672A52A0CCFF80039B351 /* unsplashApp */,
			);
		};
/* End PBXProject section */

/* Begin PBXResourcesBuildPhase section */
		FA7672A42A0CCFF80039B351 /* Resources */ = {
			isa = PBXResourcesBuildPhase;
			buildActionMask = 2147483647;
			files = (
				FA7672B62A0CCFF90039B351 /* LaunchScreen.storyboard in Resources */,
				FA7672B32A0CCFF90039B351 /* Assets.xcassets in Resources */,
				FAC575692A114065001F265F /* Inter.ttf in Resources */,
			);
			runOnlyForDeploymentPostprocessing = 0;
		};
/* End PBXResourcesBuildPhase section */

/* Begin PBXShellScriptBuildPhase section */
		2D8A805C8D86D8B8473045A8 /* [CP] Check Pods Manifest.lock */ = {
			isa = PBXShellScriptBuildPhase;
			buildActionMask = 2147483647;
			files = (
			);
			inputFileListPaths = (
			);
			inputPaths = (
				"${PODS_PODFILE_DIR_PATH}/Podfile.lock",
				"${PODS_ROOT}/Manifest.lock",
			);
			name = "[CP] Check Pods Manifest.lock";
			outputFileListPaths = (
			);
			outputPaths = (
				"$(DERIVED_FILE_DIR)/Pods-unsplashApp-checkManifestLockResult.txt",
			);
			runOnlyForDeploymentPostprocessing = 0;
			shellPath = /bin/sh;
			shellScript = "diff \"${PODS_PODFILE_DIR_PATH}/Podfile.lock\" \"${PODS_ROOT}/Manifest.lock\" > /dev/null\nif [ $? != 0 ] ; then\n    # print error to STDERR\n    echo \"error: The sandbox is not in sync with the Podfile.lock. Run 'pod install' or update your CocoaPods installation.\" >&2\n    exit 1\nfi\n# This output is used by Xcode 'outputs' to avoid re-running this script phase.\necho \"SUCCESS\" > \"${SCRIPT_OUTPUT_FILE_0}\"\n";
			showEnvVarsInLog = 0;
		};
		D448E392AE771F99CF3DDEFE /* [CP] Embed Pods Frameworks */ = {
			isa = PBXShellScriptBuildPhase;
			buildActionMask = 2147483647;
			files = (
			);
			inputFileListPaths = (
				"${PODS_ROOT}/Target Support Files/Pods-unsplashApp/Pods-unsplashApp-frameworks-${CONFIGURATION}-input-files.xcfilelist",
			);
			name = "[CP] Embed Pods Frameworks";
			outputFileListPaths = (
				"${PODS_ROOT}/Target Support Files/Pods-unsplashApp/Pods-unsplashApp-frameworks-${CONFIGURATION}-output-files.xcfilelist",
			);
			runOnlyForDeploymentPostprocessing = 0;
			shellPath = /bin/sh;
			shellScript = "\"${PODS_ROOT}/Target Support Files/Pods-unsplashApp/Pods-unsplashApp-frameworks.sh\"\n";
			showEnvVarsInLog = 0;
		};
/* End PBXShellScriptBuildPhase section */

/* Begin PBXSourcesBuildPhase section */
		FA7672A22A0CCFF80039B351 /* Sources */ = {
			isa = PBXSourcesBuildPhase;
			buildActionMask = 2147483647;
			files = (
				FA7672AE2A0CCFF80039B351 /* IntroViewController.swift in Sources */,
				FAF4ABE32E18101A00D5EE24 /* SectionHeaderCell.swift in Sources */,
				FA09306D2A3B55F300DF626E /* ApiManager.swift in Sources */,
				FA9BBF3D2A39D0D300F20A09 /* IntroView.swift in Sources */,
				FA7672AA2A0CCFF80039B351 /* AppDelegate.swift in Sources */,
				FA6292AE2A32431D00B11064 /* ResponseAccessToken.swift in Sources */,
				FAAE47692A5319D400EC9316 /* ExploreCollectionViewCell.swift in Sources */,
				FAC4E4902A54C5F300694AC9 /* GetResponseCollection.swift in Sources */,
				FA7672AC2A0CCFF80039B351 /* SceneDelegate.swift in Sources */,
				FAF4ABDF2E1401AA00D5EE24 /* ListSection.swift in Sources */,
				FACF6ACC2AD0BD910008B0CC /* Photocell.swift in Sources */,
				FAD6A8F12A1A05760098F80A /* Request.swift in Sources */,
				FA3962A62A44303200A215C1 /* HeaderCell.swift in Sources */,
				FACB5F1C2A48AE0700F73388 /* ResponseGetRandomPhoto.swift in Sources */,
				FAF4ABE12E14061500D5EE24 /* MockData.swift in Sources */,
				FA8143682A461D5D00B8B956 /* ExploreViewController.swift in Sources */,
				FAF4ABD92E0DE7D800D5EE24 /* ListItems.swift in Sources */,
				FA0B64162A30E76B0050F13D /* KeychainManager.swift in Sources */,
				FA8F072A2DFF1AD10024E266 /* LocksmithError.swift in Sources */,
				FA8F072B2DFF1AD10024E266 /* Locksmith.swift in Sources */,
				FA8F072C2DFF1AD10024E266 /* LocksmithAccessibleOption.swift in Sources */,
				FA8F072D2DFF1AD10024E266 /* Dictionary_Initializers.swift in Sources */,
				FA8F072E2DFF1AD10024E266 /* LocksmithInternetAuthenticationType.swift in Sources */,
				FA8F072F2DFF1AD10024E266 /* LocksmithSecurityClass.swift in Sources */,
				FA8F07302DFF1AD10024E266 /* LocksmithInternetProtocol.swift in Sources */,
			);
			runOnlyForDeploymentPostprocessing = 0;
		};
/* End PBXSourcesBuildPhase section */

/* Begin PBXVariantGroup section */
		FA7672B42A0CCFF90039B351 /* LaunchScreen.storyboard */ = {
			isa = PBXVariantGroup;
			children = (
				FA7672B52A0CCFF90039B351 /* Base */,
			);
			name = LaunchScreen.storyboard;
			sourceTree = "<group>";
		};
/* End PBXVariantGroup section */

/* Begin XCBuildConfiguration section */
		FA7672B82A0CCFF90039B351 /* Debug */ = {
			isa = XCBuildConfiguration;
			buildSettings = {
				ALWAYS_SEARCH_USER_PATHS = NO;
				CLANG_ANALYZER_NONNULL = YES;
				CLANG_ANALYZER_NUMBER_OBJECT_CONVERSION = YES_AGGRESSIVE;
				CLANG_CXX_LANGUAGE_STANDARD = "gnu++20";
				CLANG_ENABLE_MODULES = YES;
				CLANG_ENABLE_OBJC_ARC = YES;
				CLANG_ENABLE_OBJC_WEAK = YES;
				CLANG_WARN_BLOCK_CAPTURE_AUTORELEASING = YES;
				CLANG_WARN_BOOL_CONVERSION = YES;
				CLANG_WARN_COMMA = YES;
				CLANG_WARN_CONSTANT_CONVERSION = YES;
				CLANG_WARN_DEPRECATED_OBJC_IMPLEMENTATIONS = YES;
				CLANG_WARN_DIRECT_OBJC_ISA_USAGE = YES_ERROR;
				CLANG_WARN_DOCUMENTATION_COMMENTS = YES;
				CLANG_WARN_EMPTY_BODY = YES;
				CLANG_WARN_ENUM_CONVERSION = YES;
				CLANG_WARN_INFINITE_RECURSION = YES;
				CLANG_WARN_INT_CONVERSION = YES;
				CLANG_WARN_NON_LITERAL_NULL_CONVERSION = YES;
				CLANG_WARN_OBJC_IMPLICIT_RETAIN_SELF = YES;
				CLANG_WARN_OBJC_LITERAL_CONVERSION = YES;
				CLANG_WARN_OBJC_ROOT_CLASS = YES_ERROR;
				CLANG_WARN_QUOTED_INCLUDE_IN_FRAMEWORK_HEADER = YES;
				CLANG_WARN_RANGE_LOOP_ANALYSIS = YES;
				CLANG_WARN_STRICT_PROTOTYPES = YES;
				CLANG_WARN_SUSPICIOUS_MOVE = YES;
				CLANG_WARN_UNGUARDED_AVAILABILITY = YES_AGGRESSIVE;
				CLANG_WARN_UNREACHABLE_CODE = YES;
				CLANG_WARN__DUPLICATE_METHOD_MATCH = YES;
				COPY_PHASE_STRIP = NO;
				DEBUG_INFORMATION_FORMAT = dwarf;
				ENABLE_STRICT_OBJC_MSGSEND = YES;
				ENABLE_TESTABILITY = YES;
				GCC_C_LANGUAGE_STANDARD = gnu11;
				GCC_DYNAMIC_NO_PIC = NO;
				GCC_NO_COMMON_BLOCKS = YES;
				GCC_OPTIMIZATION_LEVEL = 0;
				GCC_PREPROCESSOR_DEFINITIONS = (
					"DEBUG=1",
					"$(inherited)",
				);
				GCC_WARN_64_TO_32_BIT_CONVERSION = YES;
				GCC_WARN_ABOUT_RETURN_TYPE = YES_ERROR;
				GCC_WARN_UNDECLARED_SELECTOR = YES;
				GCC_WARN_UNINITIALIZED_AUTOS = YES_AGGRESSIVE;
				GCC_WARN_UNUSED_FUNCTION = YES;
				GCC_WARN_UNUSED_VARIABLE = YES;
				IPHONEOS_DEPLOYMENT_TARGET = 16.2;
				MTL_ENABLE_DEBUG_INFO = INCLUDE_SOURCE;
				MTL_FAST_MATH = YES;
				ONLY_ACTIVE_ARCH = YES;
				SDKROOT = iphoneos;
				SWIFT_ACTIVE_COMPILATION_CONDITIONS = DEBUG;
				SWIFT_OPTIMIZATION_LEVEL = "-Onone";
			};
			name = Debug;
		};
		FA7672B92A0CCFF90039B351 /* Release */ = {
			isa = XCBuildConfiguration;
			buildSettings = {
				ALWAYS_SEARCH_USER_PATHS = NO;
				CLANG_ANALYZER_NONNULL = YES;
				CLANG_ANALYZER_NUMBER_OBJECT_CONVERSION = YES_AGGRESSIVE;
				CLANG_CXX_LANGUAGE_STANDARD = "gnu++20";
				CLANG_ENABLE_MODULES = YES;
				CLANG_ENABLE_OBJC_ARC = YES;
				CLANG_ENABLE_OBJC_WEAK = YES;
				CLANG_WARN_BLOCK_CAPTURE_AUTORELEASING = YES;
				CLANG_WARN_BOOL_CONVERSION = YES;
				CLANG_WARN_COMMA = YES;
				CLANG_WARN_CONSTANT_CONVERSION = YES;
				CLANG_WARN_DEPRECATED_OBJC_IMPLEMENTATIONS = YES;
				CLANG_WARN_DIRECT_OBJC_ISA_USAGE = YES_ERROR;
				CLANG_WARN_DOCUMENTATION_COMMENTS = YES;
				CLANG_WARN_EMPTY_BODY = YES;
				CLANG_WARN_ENUM_CONVERSION = YES;
				CLANG_WARN_INFINITE_RECURSION = YES;
				CLANG_WARN_INT_CONVERSION = YES;
				CLANG_WARN_NON_LITERAL_NULL_CONVERSION = YES;
				CLANG_WARN_OBJC_IMPLICIT_RETAIN_SELF = YES;
				CLANG_WARN_OBJC_LITERAL_CONVERSION = YES;
				CLANG_WARN_OBJC_ROOT_CLASS = YES_ERROR;
				CLANG_WARN_QUOTED_INCLUDE_IN_FRAMEWORK_HEADER = YES;
				CLANG_WARN_RANGE_LOOP_ANALYSIS = YES;
				CLANG_WARN_STRICT_PROTOTYPES = YES;
				CLANG_WARN_SUSPICIOUS_MOVE = YES;
				CLANG_WARN_UNGUARDED_AVAILABILITY = YES_AGGRESSIVE;
				CLANG_WARN_UNREACHABLE_CODE = YES;
				CLANG_WARN__DUPLICATE_METHOD_MATCH = YES;
				COPY_PHASE_STRIP = NO;
				DEBUG_INFORMATION_FORMAT = "dwarf-with-dsym";
				ENABLE_NS_ASSERTIONS = NO;
				ENABLE_STRICT_OBJC_MSGSEND = YES;
				GCC_C_LANGUAGE_STANDARD = gnu11;
				GCC_NO_COMMON_BLOCKS = YES;
				GCC_WARN_64_TO_32_BIT_CONVERSION = YES;
				GCC_WARN_ABOUT_RETURN_TYPE = YES_ERROR;
				GCC_WARN_UNDECLARED_SELECTOR = YES;
				GCC_WARN_UNINITIALIZED_AUTOS = YES_AGGRESSIVE;
				GCC_WARN_UNUSED_FUNCTION = YES;
				GCC_WARN_UNUSED_VARIABLE = YES;
				IPHONEOS_DEPLOYMENT_TARGET = 16.2;
				MTL_ENABLE_DEBUG_INFO = NO;
				MTL_FAST_MATH = YES;
				ONLY_ACTIVE_ARCH = YES;
				SDKROOT = iphoneos;
				SWIFT_COMPILATION_MODE = wholemodule;
				SWIFT_OPTIMIZATION_LEVEL = "-O";
				VALIDATE_PRODUCT = YES;
			};
			name = Release;
		};
		FA7672BB2A0CCFF90039B351 /* Debug */ = {
			isa = XCBuildConfiguration;
			baseConfigurationReference = C7D13E0502347E555B2E77FE /* Pods-unsplashApp.debug.xcconfig */;
			buildSettings = {
				ASSETCATALOG_COMPILER_APPICON_NAME = AppIcon;
				ASSETCATALOG_COMPILER_GLOBAL_ACCENT_COLOR_NAME = AccentColor;
				CODE_SIGN_STYLE = Automatic;
				CURRENT_PROJECT_VERSION = 1;
				DEVELOPMENT_TEAM = 4FH29M3Y58;
				GENERATE_INFOPLIST_FILE = YES;
				INFOPLIST_FILE = "unsplashApp/Supporting Files/Info.plist";
				INFOPLIST_KEY_LSApplicationCategoryType = "public.app-category.entertainment";
				INFOPLIST_KEY_UIApplicationSupportsIndirectInputEvents = YES;
				INFOPLIST_KEY_UILaunchStoryboardName = LaunchScreen;
				INFOPLIST_KEY_UIStatusBarStyle = "";
				INFOPLIST_KEY_UISupportedInterfaceOrientations = "UIInterfaceOrientationLandscapeLeft UIInterfaceOrientationLandscapeRight UIInterfaceOrientationPortrait";
				INFOPLIST_KEY_UISupportedInterfaceOrientations_iPad = "UIInterfaceOrientationLandscapeLeft UIInterfaceOrientationLandscapeRight UIInterfaceOrientationPortrait UIInterfaceOrientationPortraitUpsideDown";
				LD_RUNPATH_SEARCH_PATHS = (
					"$(inherited)",
					"@executable_path/Frameworks",
				);
				MARKETING_VERSION = 1.0;
				PRODUCT_BUNDLE_IDENTIFIER = com.olegbogdanov.unsplashApp;
				PRODUCT_NAME = "$(TARGET_NAME)";
				SUPPORTED_PLATFORMS = "iphoneos iphonesimulator";
				SUPPORTS_MACCATALYST = NO;
				SUPPORTS_MAC_DESIGNED_FOR_IPHONE_IPAD = YES;
				SWIFT_EMIT_LOC_STRINGS = YES;
				SWIFT_VERSION = 5.0;
				TARGETED_DEVICE_FAMILY = 1;
			};
			name = Debug;
		};
		FA7672BC2A0CCFF90039B351 /* Release */ = {
			isa = XCBuildConfiguration;
			baseConfigurationReference = 0FE88279963ADF9656A5C036 /* Pods-unsplashApp.release.xcconfig */;
			buildSettings = {
				ASSETCATALOG_COMPILER_APPICON_NAME = AppIcon;
				ASSETCATALOG_COMPILER_GLOBAL_ACCENT_COLOR_NAME = AccentColor;
				CODE_SIGN_STYLE = Automatic;
				CURRENT_PROJECT_VERSION = 1;
				DEVELOPMENT_TEAM = 4FH29M3Y58;
				GENERATE_INFOPLIST_FILE = YES;
				INFOPLIST_FILE = "unsplashApp/Supporting Files/Info.plist";
				INFOPLIST_KEY_LSApplicationCategoryType = "public.app-category.entertainment";
				INFOPLIST_KEY_UIApplicationSupportsIndirectInputEvents = YES;
				INFOPLIST_KEY_UILaunchStoryboardName = LaunchScreen;
				INFOPLIST_KEY_UIStatusBarStyle = "";
				INFOPLIST_KEY_UISupportedInterfaceOrientations = "UIInterfaceOrientationLandscapeLeft UIInterfaceOrientationLandscapeRight UIInterfaceOrientationPortrait";
				INFOPLIST_KEY_UISupportedInterfaceOrientations_iPad = "UIInterfaceOrientationLandscapeLeft UIInterfaceOrientationLandscapeRight UIInterfaceOrientationPortrait UIInterfaceOrientationPortraitUpsideDown";
				LD_RUNPATH_SEARCH_PATHS = (
					"$(inherited)",
					"@executable_path/Frameworks",
				);
				MARKETING_VERSION = 1.0;
				PRODUCT_BUNDLE_IDENTIFIER = com.olegbogdanov.unsplashApp;
				PRODUCT_NAME = "$(TARGET_NAME)";
				SUPPORTED_PLATFORMS = "iphoneos iphonesimulator";
				SUPPORTS_MACCATALYST = NO;
				SUPPORTS_MAC_DESIGNED_FOR_IPHONE_IPAD = YES;
				SWIFT_EMIT_LOC_STRINGS = YES;
				SWIFT_VERSION = 5.0;
				TARGETED_DEVICE_FAMILY = 1;
			};
			name = Release;
		};
/* End XCBuildConfiguration section */

/* Begin XCConfigurationList section */
		FA7672A12A0CCFF80039B351 /* Build configuration list for PBXProject "unsplashApp" */ = {
			isa = XCConfigurationList;
			buildConfigurations = (
				FA7672B82A0CCFF90039B351 /* Debug */,
				FA7672B92A0CCFF90039B351 /* Release */,
			);
			defaultConfigurationIsVisible = 0;
			defaultConfigurationName = Release;
		};
		FA7672BA2A0CCFF90039B351 /* Build configuration list for PBXNativeTarget "unsplashApp" */ = {
			isa = XCConfigurationList;
			buildConfigurations = (
				FA7672BB2A0CCFF90039B351 /* Debug */,
				FA7672BC2A0CCFF90039B351 /* Release */,
			);
			defaultConfigurationIsVisible = 0;
			defaultConfigurationName = Release;
		};
/* End XCConfigurationList section */

/* Begin XCLocalSwiftPackageReference section */
		FA082D9A2DFF178A00388836 /* XCLocalSwiftPackageReference "../Auth0.swift" */ = {
			isa = XCLocalSwiftPackageReference;
			relativePath = ../Auth0.swift;
		};
		FAE04A262DFF16AC00E0F7E8 /* XCLocalSwiftPackageReference "../Kingfisher" */ = {
			isa = XCLocalSwiftPackageReference;
			relativePath = ../Kingfisher;
		};
/* End XCLocalSwiftPackageReference section */

/* Begin XCRemoteSwiftPackageReference section */
		FA6C6FF12E06D57900EDAA1E /* XCRemoteSwiftPackageReference "SnapKit" */ = {
			isa = XCRemoteSwiftPackageReference;
			repositoryURL = "https://github.com/SnapKit/SnapKit";
			requirement = {
				kind = upToNextMajorVersion;
				minimumVersion = 5.7.1;
			};
		};
/* End XCRemoteSwiftPackageReference section */

/* Begin XCSwiftPackageProductDependency section */
		FA6C6FF22E06D57900EDAA1E /* SnapKit */ = {
			isa = XCSwiftPackageProductDependency;
			package = FA6C6FF12E06D57900EDAA1E /* XCRemoteSwiftPackageReference "SnapKit" */;
			productName = SnapKit;
		};
/* End XCSwiftPackageProductDependency section */
	};
	rootObject = FA76729E2A0CCFF80039B351 /* Project object */;
}
