// !$*UTF8*$!
{
	archiveVersion = 1;
	classes = {
	};
	objectVersion = 56;
	objects = {

/* Begin PBXBuildFile section */
		FA515D002A153DD600EE0121 /* Auth0 in Frameworks */ = {isa = PBXBuildFile; productRef = FA515CFF2A153DD600EE0121 /* Auth0 */; };
		FA7672AA2A0CCFF80039B351 /* AppDelegate.swift in Sources */ = {isa = PBXBuildFile; fileRef = FA7672A92A0CCFF80039B351 /* AppDelegate.swift */; };
		FA7672AC2A0CCFF80039B351 /* SceneDelegate.swift in Sources */ = {isa = PBXBuildFile; fileRef = FA7672AB2A0CCFF80039B351 /* SceneDelegate.swift */; };
		FA7672AE2A0CCFF80039B351 /* IntroViewController.swift in Sources */ = {isa = PBXBuildFile; fileRef = FA7672AD2A0CCFF80039B351 /* IntroViewController.swift */; };
		FA7672B12A0CCFF80039B351 /* Main.storyboard in Resources */ = {isa = PBXBuildFile; fileRef = FA7672AF2A0CCFF80039B351 /* Main.storyboard */; };
		FA7672B32A0CCFF90039B351 /* Assets.xcassets in Resources */ = {isa = PBXBuildFile; fileRef = FA7672B22A0CCFF90039B351 /* Assets.xcassets */; };
		FA7672B62A0CCFF90039B351 /* LaunchScreen.storyboard in Resources */ = {isa = PBXBuildFile; fileRef = FA7672B42A0CCFF90039B351 /* LaunchScreen.storyboard */; };
		FAC575692A114065001F265F /* Inter.ttf in Resources */ = {isa = PBXBuildFile; fileRef = FAC575682A114065001F265F /* Inter.ttf */; };
		FAD6A8EF2A1A03C30098F80A /* User.swift in Sources */ = {isa = PBXBuildFile; fileRef = FAD6A8EE2A1A03C30098F80A /* User.swift */; };
		FAD6A8F12A1A05760098F80A /* TokenResponse.swift in Sources */ = {isa = PBXBuildFile; fileRef = FAD6A8F02A1A05760098F80A /* TokenResponse.swift */; };
/* End PBXBuildFile section */

/* Begin PBXFileReference section */
		FA7672A62A0CCFF80039B351 /* unsplashApp.app */ = {isa = PBXFileReference; explicitFileType = wrapper.application; includeInIndex = 0; path = unsplashApp.app; sourceTree = BUILT_PRODUCTS_DIR; };
		FA7672A92A0CCFF80039B351 /* AppDelegate.swift */ = {isa = PBXFileReference; lastKnownFileType = sourcecode.swift; path = AppDelegate.swift; sourceTree = "<group>"; };
		FA7672AB2A0CCFF80039B351 /* SceneDelegate.swift */ = {isa = PBXFileReference; lastKnownFileType = sourcecode.swift; path = SceneDelegate.swift; sourceTree = "<group>"; };
		FA7672AD2A0CCFF80039B351 /* IntroViewController.swift */ = {isa = PBXFileReference; lastKnownFileType = sourcecode.swift; path = IntroViewController.swift; sourceTree = "<group>"; };
		FA7672B02A0CCFF80039B351 /* Base */ = {isa = PBXFileReference; lastKnownFileType = file.storyboard; name = Base; path = Base.lproj/Main.storyboard; sourceTree = "<group>"; };
		FA7672B22A0CCFF90039B351 /* Assets.xcassets */ = {isa = PBXFileReference; lastKnownFileType = folder.assetcatalog; path = Assets.xcassets; sourceTree = "<group>"; };
		FA7672B52A0CCFF90039B351 /* Base */ = {isa = PBXFileReference; lastKnownFileType = file.storyboard; name = Base; path = Base.lproj/LaunchScreen.storyboard; sourceTree = "<group>"; };
		FA7672B72A0CCFF90039B351 /* Info.plist */ = {isa = PBXFileReference; lastKnownFileType = text.plist.xml; path = Info.plist; sourceTree = "<group>"; };
		FAC575682A114065001F265F /* Inter.ttf */ = {isa = PBXFileReference; lastKnownFileType = file; path = Inter.ttf; sourceTree = "<group>"; };
		FAD6A8EE2A1A03C30098F80A /* User.swift */ = {isa = PBXFileReference; lastKnownFileType = sourcecode.swift; path = User.swift; sourceTree = "<group>"; };
		FAD6A8F02A1A05760098F80A /* TokenResponse.swift */ = {isa = PBXFileReference; lastKnownFileType = sourcecode.swift; path = TokenResponse.swift; sourceTree = "<group>"; };
/* End PBXFileReference section */

/* Begin PBXFrameworksBuildPhase section */
		FA7672A32A0CCFF80039B351 /* Frameworks */ = {
			isa = PBXFrameworksBuildPhase;
			buildActionMask = 2147483647;
			files = (
				FA515D002A153DD600EE0121 /* Auth0 in Frameworks */,
			);
			runOnlyForDeploymentPostprocessing = 0;
		};
/* End PBXFrameworksBuildPhase section */

/* Begin PBXGroup section */
		FA76729D2A0CCFF80039B351 = {
			isa = PBXGroup;
			children = (
				FA7672A82A0CCFF80039B351 /* unsplashApp */,
				FA7672A72A0CCFF80039B351 /* Products */,
			);
			sourceTree = "<group>";
		};
		FA7672A72A0CCFF80039B351 /* Products */ = {
			isa = PBXGroup;
			children = (
				FA7672A62A0CCFF80039B351 /* unsplashApp.app */,
			);
			name = Products;
			sourceTree = "<group>";
		};
		FA7672A82A0CCFF80039B351 /* unsplashApp */ = {
			isa = PBXGroup;
			children = (
				FAD6A8ED2A1A03B20098F80A /* Files */,
				FAC575672A114026001F265F /* Fonts */,
				FA7672C02A0CD2530039B351 /* Resources */,
				FA7672BF2A0CD2350039B351 /* Supporting Files */,
				FA7672BE2A0CD20A0039B351 /* ViewControllers */,
				FA7672BD2A0CD1DA0039B351 /* Storyboards */,
			);
			path = unsplashApp;
			sourceTree = "<group>";
		};
		FA7672BD2A0CD1DA0039B351 /* Storyboards */ = {
			isa = PBXGroup;
			children = (
				FA7672B42A0CCFF90039B351 /* LaunchScreen.storyboard */,
				FA7672AF2A0CCFF80039B351 /* Main.storyboard */,
			);
			path = Storyboards;
			sourceTree = "<group>";
		};
		FA7672BE2A0CD20A0039B351 /* ViewControllers */ = {
			isa = PBXGroup;
			children = (
				FA7672AD2A0CCFF80039B351 /* IntroViewController.swift */,
			);
			path = ViewControllers;
			sourceTree = "<group>";
		};
		FA7672BF2A0CD2350039B351 /* Supporting Files */ = {
			isa = PBXGroup;
			children = (
				FA7672B72A0CCFF90039B351 /* Info.plist */,
				FA7672AB2A0CCFF80039B351 /* SceneDelegate.swift */,
				FA7672A92A0CCFF80039B351 /* AppDelegate.swift */,
			);
			path = "Supporting Files";
			sourceTree = "<group>";
		};
		FA7672C02A0CD2530039B351 /* Resources */ = {
			isa = PBXGroup;
			children = (
				FA7672B22A0CCFF90039B351 /* Assets.xcassets */,
			);
			path = Resources;
			sourceTree = "<group>";
		};
		FAC575672A114026001F265F /* Fonts */ = {
			isa = PBXGroup;
			children = (
				FAC575682A114065001F265F /* Inter.ttf */,
			);
			path = Fonts;
			sourceTree = "<group>";
		};
		FAD6A8ED2A1A03B20098F80A /* Files */ = {
			isa = PBXGroup;
			children = (
				FAD6A8EE2A1A03C30098F80A /* User.swift */,
				FAD6A8F02A1A05760098F80A /* TokenResponse.swift */,
			);
			path = Files;
			sourceTree = "<group>";
		};
/* End PBXGroup section */

/* Begin PBXNativeTarget section */
		FA7672A52A0CCFF80039B351 /* unsplashApp */ = {
			isa = PBXNativeTarget;
			buildConfigurationList = FA7672BA2A0CCFF90039B351 /* Build configuration list for PBXNativeTarget "unsplashApp" */;
			buildPhases = (
				FA7672A22A0CCFF80039B351 /* Sources */,
				FA7672A32A0CCFF80039B351 /* Frameworks */,
				FA7672A42A0CCFF80039B351 /* Resources */,
			);
			buildRules = (
			);
			dependencies = (
			);
			name = unsplashApp;
			packageProductDependencies = (
				FA515CFF2A153DD600EE0121 /* Auth0 */,
			);
			productName = unsplashApp;
			productReference = FA7672A62A0CCFF80039B351 /* unsplashApp.app */;
			productType = "com.apple.product-type.application";
		};
/* End PBXNativeTarget section */

/* Begin PBXProject section */
		FA76729E2A0CCFF80039B351 /* Project object */ = {
			isa = PBXProject;
			attributes = {
				BuildIndependentTargetsInParallel = 1;
				LastSwiftUpdateCheck = 1430;
				LastUpgradeCheck = 1430;
				TargetAttributes = {
					FA7672A52A0CCFF80039B351 = {
						CreatedOnToolsVersion = 14.3;
					};
				};
			};
			buildConfigurationList = FA7672A12A0CCFF80039B351 /* Build configuration list for PBXProject "unsplashApp" */;
			compatibilityVersion = "Xcode 14.0";
			developmentRegion = en;
			hasScannedForEncodings = 0;
			knownRegions = (
				en,
				Base,
			);
			mainGroup = FA76729D2A0CCFF80039B351;
			packageReferences = (
				FA515CFE2A153DD600EE0121 /* XCRemoteSwiftPackageReference "Auth0" */,
			);
			productRefGroup = FA7672A72A0CCFF80039B351 /* Products */;
			projectDirPath = "";
			projectRoot = "";
			targets = (
				FA7672A52A0CCFF80039B351 /* unsplashApp */,
			);
		};
/* End PBXProject section */

/* Begin PBXResourcesBuildPhase section */
		FA7672A42A0CCFF80039B351 /* Resources */ = {
			isa = PBXResourcesBuildPhase;
			buildActionMask = 2147483647;
			files = (
				FA7672B62A0CCFF90039B351 /* LaunchScreen.storyboard in Resources */,
				FA7672B32A0CCFF90039B351 /* Assets.xcassets in Resources */,
				FA7672B12A0CCFF80039B351 /* Main.storyboard in Resources */,
				FAC575692A114065001F265F /* Inter.ttf in Resources */,
			);
			runOnlyForDeploymentPostprocessing = 0;
		};
/* End PBXResourcesBuildPhase section */

/* Begin PBXSourcesBuildPhase section */
		FA7672A22A0CCFF80039B351 /* Sources */ = {
			isa = PBXSourcesBuildPhase;
			buildActionMask = 2147483647;
			files = (
				FAD6A8EF2A1A03C30098F80A /* User.swift in Sources */,
				FA7672AE2A0CCFF80039B351 /* IntroViewController.swift in Sources */,
				FA7672AA2A0CCFF80039B351 /* AppDelegate.swift in Sources */,
				FA7672AC2A0CCFF80039B351 /* SceneDelegate.swift in Sources */,
				FAD6A8F12A1A05760098F80A /* TokenResponse.swift in Sources */,
			);
			runOnlyForDeploymentPostprocessing = 0;
		};
/* End PBXSourcesBuildPhase section */

/* Begin PBXVariantGroup section */
		FA7672AF2A0CCFF80039B351 /* Main.storyboard */ = {
			isa = PBXVariantGroup;
			children = (
				FA7672B02A0CCFF80039B351 /* Base */,
			);
			name = Main.storyboard;
			sourceTree = "<group>";
		};
		FA7672B42A0CCFF90039B351 /* LaunchScreen.storyboard */ = {
			isa = PBXVariantGroup;
			children = (
				FA7672B52A0CCFF90039B351 /* Base */,
			);
			name = LaunchScreen.storyboard;
			sourceTree = "<group>";
		};
/* End PBXVariantGroup section */

/* Begin XCBuildConfiguration section */
		FA7672B82A0CCFF90039B351 /* Debug */ = {
			isa = XCBuildConfiguration;
			buildSettings = {
				ALWAYS_SEARCH_USER_PATHS = NO;
				CLANG_ANALYZER_NONNULL = YES;
				CLANG_ANALYZER_NUMBER_OBJECT_CONVERSION = YES_AGGRESSIVE;
				CLANG_CXX_LANGUAGE_STANDARD = "gnu++20";
				CLANG_ENABLE_MODULES = YES;
				CLANG_ENABLE_OBJC_ARC = YES;
				CLANG_ENABLE_OBJC_WEAK = YES;
				CLANG_WARN_BLOCK_CAPTURE_AUTORELEASING = YES;
				CLANG_WARN_BOOL_CONVERSION = YES;
				CLANG_WARN_COMMA = YES;
				CLANG_WARN_CONSTANT_CONVERSION = YES;
				CLANG_WARN_DEPRECATED_OBJC_IMPLEMENTATIONS = YES;
				CLANG_WARN_DIRECT_OBJC_ISA_USAGE = YES_ERROR;
				CLANG_WARN_DOCUMENTATION_COMMENTS = YES;
				CLANG_WARN_EMPTY_BODY = YES;
				CLANG_WARN_ENUM_CONVERSION = YES;
				CLANG_WARN_INFINITE_RECURSION = YES;
				CLANG_WARN_INT_CONVERSION = YES;
				CLANG_WARN_NON_LITERAL_NULL_CONVERSION = YES;
				CLANG_WARN_OBJC_IMPLICIT_RETAIN_SELF = YES;
				CLANG_WARN_OBJC_LITERAL_CONVERSION = YES;
				CLANG_WARN_OBJC_ROOT_CLASS = YES_ERROR;
				CLANG_WARN_QUOTED_INCLUDE_IN_FRAMEWORK_HEADER = YES;
				CLANG_WARN_RANGE_LOOP_ANALYSIS = YES;
				CLANG_WARN_STRICT_PROTOTYPES = YES;
				CLANG_WARN_SUSPICIOUS_MOVE = YES;
				CLANG_WARN_UNGUARDED_AVAILABILITY = YES_AGGRESSIVE;
				CLANG_WARN_UNREACHABLE_CODE = YES;
				CLANG_WARN__DUPLICATE_METHOD_MATCH = YES;
				COPY_PHASE_STRIP = NO;
				DEBUG_INFORMATION_FORMAT = dwarf;
				ENABLE_STRICT_OBJC_MSGSEND = YES;
				ENABLE_TESTABILITY = YES;
				GCC_C_LANGUAGE_STANDARD = gnu11;
				GCC_DYNAMIC_NO_PIC = NO;
				GCC_NO_COMMON_BLOCKS = YES;
				GCC_OPTIMIZATION_LEVEL = 0;
				GCC_PREPROCESSOR_DEFINITIONS = (
					"DEBUG=1",
					"$(inherited)",
				);
				GCC_WARN_64_TO_32_BIT_CONVERSION = YES;
				GCC_WARN_ABOUT_RETURN_TYPE = YES_ERROR;
				GCC_WARN_UNDECLARED_SELECTOR = YES;
				GCC_WARN_UNINITIALIZED_AUTOS = YES_AGGRESSIVE;
				GCC_WARN_UNUSED_FUNCTION = YES;
				GCC_WARN_UNUSED_VARIABLE = YES;
				IPHONEOS_DEPLOYMENT_TARGET = 16.4;
				MTL_ENABLE_DEBUG_INFO = INCLUDE_SOURCE;
				MTL_FAST_MATH = YES;
				ONLY_ACTIVE_ARCH = YES;
				SDKROOT = iphoneos;
				SWIFT_ACTIVE_COMPILATION_CONDITIONS = DEBUG;
				SWIFT_OPTIMIZATION_LEVEL = "-Onone";
			};
			name = Debug;
		};
		FA7672B92A0CCFF90039B351 /* Release */ = {
			isa = XCBuildConfiguration;
			buildSettings = {
				ALWAYS_SEARCH_USER_PATHS = NO;
				CLANG_ANALYZER_NONNULL = YES;
				CLANG_ANALYZER_NUMBER_OBJECT_CONVERSION = YES_AGGRESSIVE;
				CLANG_CXX_LANGUAGE_STANDARD = "gnu++20";
				CLANG_ENABLE_MODULES = YES;
				CLANG_ENABLE_OBJC_ARC = YES;
				CLANG_ENABLE_OBJC_WEAK = YES;
				CLANG_WARN_BLOCK_CAPTURE_AUTORELEASING = YES;
				CLANG_WARN_BOOL_CONVERSION = YES;
				CLANG_WARN_COMMA = YES;
				CLANG_WARN_CONSTANT_CONVERSION = YES;
				CLANG_WARN_DEPRECATED_OBJC_IMPLEMENTATIONS = YES;
				CLANG_WARN_DIRECT_OBJC_ISA_USAGE = YES_ERROR;
				CLANG_WARN_DOCUMENTATION_COMMENTS = YES;
				CLANG_WARN_EMPTY_BODY = YES;
				CLANG_WARN_ENUM_CONVERSION = YES;
				CLANG_WARN_INFINITE_RECURSION = YES;
				CLANG_WARN_INT_CONVERSION = YES;
				CLANG_WARN_NON_LITERAL_NULL_CONVERSION = YES;
				CLANG_WARN_OBJC_IMPLICIT_RETAIN_SELF = YES;
				CLANG_WARN_OBJC_LITERAL_CONVERSION = YES;
				CLANG_WARN_OBJC_ROOT_CLASS = YES_ERROR;
				CLANG_WARN_QUOTED_INCLUDE_IN_FRAMEWORK_HEADER = YES;
				CLANG_WARN_RANGE_LOOP_ANALYSIS = YES;
				CLANG_WARN_STRICT_PROTOTYPES = YES;
				CLANG_WARN_SUSPICIOUS_MOVE = YES;
				CLANG_WARN_UNGUARDED_AVAILABILITY = YES_AGGRESSIVE;
				CLANG_WARN_UNREACHABLE_CODE = YES;
				CLANG_WARN__DUPLICATE_METHOD_MATCH = YES;
				COPY_PHASE_STRIP = NO;
				DEBUG_INFORMATION_FORMAT = "dwarf-with-dsym";
				ENABLE_NS_ASSERTIONS = NO;
				ENABLE_STRICT_OBJC_MSGSEND = YES;
				GCC_C_LANGUAGE_STANDARD = gnu11;
				GCC_NO_COMMON_BLOCKS = YES;
				GCC_WARN_64_TO_32_BIT_CONVERSION = YES;
				GCC_WARN_ABOUT_RETURN_TYPE = YES_ERROR;
				GCC_WARN_UNDECLARED_SELECTOR = YES;
				GCC_WARN_UNINITIALIZED_AUTOS = YES_AGGRESSIVE;
				GCC_WARN_UNUSED_FUNCTION = YES;
				GCC_WARN_UNUSED_VARIABLE = YES;
				IPHONEOS_DEPLOYMENT_TARGET = 16.4;
				MTL_ENABLE_DEBUG_INFO = NO;
				MTL_FAST_MATH = YES;
				SDKROOT = iphoneos;
				SWIFT_COMPILATION_MODE = wholemodule;
				SWIFT_OPTIMIZATION_LEVEL = "-O";
				VALIDATE_PRODUCT = YES;
			};
			name = Release;
		};
		FA7672BB2A0CCFF90039B351 /* Debug */ = {
			isa = XCBuildConfiguration;
			buildSettings = {
				ASSETCATALOG_COMPILER_APPICON_NAME = AppIcon;
				ASSETCATALOG_COMPILER_GLOBAL_ACCENT_COLOR_NAME = AccentColor;
				CODE_SIGN_STYLE = Automatic;
				CURRENT_PROJECT_VERSION = 1;
				DEVELOPMENT_TEAM = 4FH29M3Y58;
				GENERATE_INFOPLIST_FILE = YES;
				INFOPLIST_FILE = "unsplashApp/Supporting Files/Info.plist";
				INFOPLIST_KEY_UIApplicationSupportsIndirectInputEvents = YES;
				INFOPLIST_KEY_UILaunchStoryboardName = LaunchScreen;
				INFOPLIST_KEY_UIMainStoryboardFile = Main;
				INFOPLIST_KEY_UISupportedInterfaceOrientations = "UIInterfaceOrientationLandscapeLeft UIInterfaceOrientationLandscapeRight UIInterfaceOrientationPortrait";
				INFOPLIST_KEY_UISupportedInterfaceOrientations_iPad = "UIInterfaceOrientationLandscapeLeft UIInterfaceOrientationLandscapeRight UIInterfaceOrientationPortrait UIInterfaceOrientationPortraitUpsideDown";
				LD_RUNPATH_SEARCH_PATHS = (
					"$(inherited)",
					"@executable_path/Frameworks",
				);
				MARKETING_VERSION = 1.0;
				PRODUCT_BUNDLE_IDENTIFIER = com.olegbogdanov.unsplashApp;
				PRODUCT_NAME = "$(TARGET_NAME)";
				SUPPORTED_PLATFORMS = "iphoneos iphonesimulator";
				SUPPORTS_MACCATALYST = NO;
				SUPPORTS_MAC_DESIGNED_FOR_IPHONE_IPAD = YES;
				SWIFT_EMIT_LOC_STRINGS = YES;
				SWIFT_VERSION = 5.0;
				TARGETED_DEVICE_FAMILY = 1;
			};
			name = Debug;
		};
		FA7672BC2A0CCFF90039B351 /* Release */ = {
			isa = XCBuildConfiguration;
			buildSettings = {
				ASSETCATALOG_COMPILER_APPICON_NAME = AppIcon;
				ASSETCATALOG_COMPILER_GLOBAL_ACCENT_COLOR_NAME = AccentColor;
				CODE_SIGN_STYLE = Automatic;
				CURRENT_PROJECT_VERSION = 1;
				DEVELOPMENT_TEAM = 4FH29M3Y58;
				GENERATE_INFOPLIST_FILE = YES;
				INFOPLIST_FILE = "unsplashApp/Supporting Files/Info.plist";
				INFOPLIST_KEY_UIApplicationSupportsIndirectInputEvents = YES;
				INFOPLIST_KEY_UILaunchStoryboardName = LaunchScreen;
				INFOPLIST_KEY_UIMainStoryboardFile = Main;
				INFOPLIST_KEY_UISupportedInterfaceOrientations = "UIInterfaceOrientationLandscapeLeft UIInterfaceOrientationLandscapeRight UIInterfaceOrientationPortrait";
				INFOPLIST_KEY_UISupportedInterfaceOrientations_iPad = "UIInterfaceOrientationLandscapeLeft UIInterfaceOrientationLandscapeRight UIInterfaceOrientationPortrait UIInterfaceOrientationPortraitUpsideDown";
				LD_RUNPATH_SEARCH_PATHS = (
					"$(inherited)",
					"@executable_path/Frameworks",
				);
				MARKETING_VERSION = 1.0;
				PRODUCT_BUNDLE_IDENTIFIER = com.olegbogdanov.unsplashApp;
				PRODUCT_NAME = "$(TARGET_NAME)";
				SUPPORTED_PLATFORMS = "iphoneos iphonesimulator";
				SUPPORTS_MACCATALYST = NO;
				SUPPORTS_MAC_DESIGNED_FOR_IPHONE_IPAD = YES;
				SWIFT_EMIT_LOC_STRINGS = YES;
				SWIFT_VERSION = 5.0;
				TARGETED_DEVICE_FAMILY = 1;
			};
			name = Release;
		};
/* End XCBuildConfiguration section */

/* Begin XCConfigurationList section */
		FA7672A12A0CCFF80039B351 /* Build configuration list for PBXProject "unsplashApp" */ = {
			isa = XCConfigurationList;
			buildConfigurations = (
				FA7672B82A0CCFF90039B351 /* Debug */,
				FA7672B92A0CCFF90039B351 /* Release */,
			);
			defaultConfigurationIsVisible = 0;
			defaultConfigurationName = Release;
		};
		FA7672BA2A0CCFF90039B351 /* Build configuration list for PBXNativeTarget "unsplashApp" */ = {
			isa = XCConfigurationList;
			buildConfigurations = (
				FA7672BB2A0CCFF90039B351 /* Debug */,
				FA7672BC2A0CCFF90039B351 /* Release */,
			);
			defaultConfigurationIsVisible = 0;
			defaultConfigurationName = Release;
		};
/* End XCConfigurationList section */

/* Begin XCRemoteSwiftPackageReference section */
		FA515CFE2A153DD600EE0121 /* XCRemoteSwiftPackageReference "Auth0" */ = {
			isa = XCRemoteSwiftPackageReference;
			repositoryURL = "https://github.com/auth0/Auth0.swift";
			requirement = {
				kind = upToNextMajorVersion;
				minimumVersion = 2.0.0;
			};
		};
/* End XCRemoteSwiftPackageReference section */

/* Begin XCSwiftPackageProductDependency section */
		FA515CFF2A153DD600EE0121 /* Auth0 */ = {
			isa = XCSwiftPackageProductDependency;
			package = FA515CFE2A153DD600EE0121 /* XCRemoteSwiftPackageReference "Auth0" */;
			productName = Auth0;
		};
/* End XCSwiftPackageProductDependency section */
	};
	rootObject = FA76729E2A0CCFF80039B351 /* Project object */;
}
